github.com/emicklei/go-restful/v3 v3.0.0 h1:Duxxa4x0WIHW3bYEDmoAPNjmy8Rbqn+utcF74dlF/G8=
github.com/emicklei/go-restful/v3 v3.0.0/go.mod h1:6n3XBCmQQb25CM2LCACGz8ukIrRry+4bhvbpWn3mrbc=
github.com/gin-gonic/gin v1.9.1 h1:4idEAncQnU5cB7BeOkPtxjfCSye0AAm1R0RVIqJ+Jmg=
github.com/gin-gonic/gin v1.9.1/go.mod h1:hPrL7YrpYKXt5YId3A/Tnip5kqbEAP+KLuI3SUcPTeU=
