# This file is generated by running "yarn install" inside your project.
# Manual changes might be lost - proceed with caution!

__metadata:
  version: 6

"express@npm:^4.18.2":
  version: 4.18.2
  resolution: "express@npm:4.18.2"
  checksum: 5/PsL6iGPdfQ/lKM1UuielYgv3BUoJfz1aUwU9vHZ+J7gyvwdQXFEBIEIaxeGf0GIcreATNyBExtalisDbuMqQ==

"license-manifest-only@workspace:.":
  version: 0.0.0-use.local
  resolution: "license-manifest-only@workspace:."
  dependencies:
    express: ^4.18.2
  languageName: unknown
  linkType: soft
